<?xml version="1.0" encoding="UTF-8" standalone="yes" ?>
<CodeBlocks_project_file>
	<FileVersion major="1" minor="6" />
	<Project>
		<Option title="testsdl" />
		<Option pch_mode="2" />
		<Option compiler="gcc" />
		<Build>
			<Target title="Debug">
				<Option output="bin/Debug/testsdl" prefix_auto="1" extension_auto="1" />
				<Option object_output="obj/Debug/" />
				<Option type="1" />
				<Option compiler="gcc" />
				<Compiler>
					<Add option="-g" />
				</Compiler>
			</Target>
			<Target title="Release">
				<Option output="bin/Release/testsdl" prefix_auto="1" extension_auto="1" />
				<Option object_output="obj/Release/" />
				<Option type="1" />
				<Option compiler="gcc" />
				<Compiler>
					<Add option="-O2" />
				</Compiler>
				<Linker>
					<Add option="-s" />
				</Linker>
			</Target>
		</Build>
		<Compiler>
			<Add option="-Wall" />
			<Add directory="D:/cpp/SDL2-2.0.12/x86_64-w64-mingw32/include" />
		</Compiler>
		<Linker>
			<Add option="-lmingw32 -lSDL2main -lSDL2" />
			<Add directory="D:/cpp/SDL2-2.0.12/x86_64-w64-mingw32/lib" />
		</Linker>
		<Unit filename=".gitignore" />
		<Unit filename="ball.c">
			<Option compilerVar="CC" />
		</Unit>
		<Unit filename="ball.h" />
		<Unit filename="ball_system.c">
			<Option compilerVar="CC" />
		</Unit>
		<Unit filename="ball_system.h" />
		<Unit filename="draw.c">
			<Option compilerVar="CC" />
		</Unit>
		<Unit filename="draw.h" />
		<Unit filename="event_queue.c">
			<Option compilerVar="CC" />
		</Unit>
		<Unit filename="event_queue.h" />
		<Unit filename="main.c">
			<Option compilerVar="CC" />
		</Unit>
		<Extensions>
			<lib_finder disable_auto="1" />
		</Extensions>
	</Project>
</CodeBlocks_project_file>
